// !$*UTF8*$!
{
	archiveVersion = 1;
	classes = {
	};
	objectVersion = 56;
	objects = {

/* Begin PBXBuildFile section */
		6A00CB7A2BEEAEBB0010541F /* Extensions.swift in Sources */ = {isa = PBXBuildFile; fileRef = 6A00CB792BEEAEBB0010541F /* Extensions.swift */; };
		6A00CB7E2BEEB8BF0010541F /* TitleCollectionViewCell.swift in Sources */ = {isa = PBXBuildFile; fileRef = 6A00CB7D2BEEB8BF0010541F /* TitleCollectionViewCell.swift */; };
		6A00CB812BEEBB0C0010541F /* SDWebImage in Frameworks */ = {isa = PBXBuildFile; productRef = 6A00CB802BEEBB0C0010541F /* SDWebImage */; };
		6A00CB832BEEBB0C0010541F /* SDWebImageMapKit in Frameworks */ = {isa = PBXBuildFile; productRef = 6A00CB822BEEBB0C0010541F /* SDWebImageMapKit */; };
		6A14A39F2BF0D9B800E166E0 /* TitleTableViewCell.swift in Sources */ = {isa = PBXBuildFile; fileRef = 6A14A39E2BF0D9B800E166E0 /* TitleTableViewCell.swift */; };
		6A14A3A12BF0E00600E166E0 /* TitleViewModel.swift in Sources */ = {isa = PBXBuildFile; fileRef = 6A14A3A02BF0E00600E166E0 /* TitleViewModel.swift */; };
		6A1B81312BEA34B400644B94 /* AppDelegate.swift in Sources */ = {isa = PBXBuildFile; fileRef = 6A1B81302BEA34B400644B94 /* AppDelegate.swift */; };
		6A1B81332BEA34B400644B94 /* SceneDelegate.swift in Sources */ = {isa = PBXBuildFile; fileRef = 6A1B81322BEA34B400644B94 /* SceneDelegate.swift */; };
		6A1B81352BEA34B400644B94 /* HomeViewController.swift in Sources */ = {isa = PBXBuildFile; fileRef = 6A1B81342BEA34B400644B94 /* HomeViewController.swift */; };
		6A1B813A2BEA34B500644B94 /* Assets.xcassets in Resources */ = {isa = PBXBuildFile; fileRef = 6A1B81392BEA34B500644B94 /* Assets.xcassets */; };
		6A1B813D2BEA34B500644B94 /* Base in Resources */ = {isa = PBXBuildFile; fileRef = 6A1B813C2BEA34B500644B94 /* Base */; };
		6A1B81482BEA34B500644B94 /* NetflixTests.swift in Sources */ = {isa = PBXBuildFile; fileRef = 6A1B81472BEA34B500644B94 /* NetflixTests.swift */; };
		6A1B81522BEA34B500644B94 /* NetflixUITests.swift in Sources */ = {isa = PBXBuildFile; fileRef = 6A1B81512BEA34B500644B94 /* NetflixUITests.swift */; };
		6A1B81542BEA34B500644B94 /* NetflixUITestsLaunchTests.swift in Sources */ = {isa = PBXBuildFile; fileRef = 6A1B81532BEA34B500644B94 /* NetflixUITestsLaunchTests.swift */; };
		6A1B81612BEA36A200644B94 /* MainTabBarViewController.swift in Sources */ = {isa = PBXBuildFile; fileRef = 6A1B81602BEA36A200644B94 /* MainTabBarViewController.swift */; };
		6A1B81642BEA371500644B94 /* UpcomingViewController.swift in Sources */ = {isa = PBXBuildFile; fileRef = 6A1B81632BEA371500644B94 /* UpcomingViewController.swift */; };
		6A1B81662BEA373D00644B94 /* SearchViewController.swift in Sources */ = {isa = PBXBuildFile; fileRef = 6A1B81652BEA373D00644B94 /* SearchViewController.swift */; };
		6A1B81682BEA375F00644B94 /* DownloadsViewController.swift in Sources */ = {isa = PBXBuildFile; fileRef = 6A1B81672BEA375F00644B94 /* DownloadsViewController.swift */; };
		6A47A3302BF161B500203F08 /* YoutubeSearchResponse.swift in Sources */ = {isa = PBXBuildFile; fileRef = 6A47A32F2BF161B500203F08 /* YoutubeSearchResponse.swift */; };
		6A622EFB2BECEE3200E1A817 /* CollectionViewTableViewCell.swift in Sources */ = {isa = PBXBuildFile; fileRef = 6A622EFA2BECEE3200E1A817 /* CollectionViewTableViewCell.swift */; };
		6A622EFD2BECF67100E1A817 /* HeroHeaderUIView.swift in Sources */ = {isa = PBXBuildFile; fileRef = 6A622EFC2BECF67100E1A817 /* HeroHeaderUIView.swift */; };
		6A622EFF2BED733C00E1A817 /* APICaller.swift in Sources */ = {isa = PBXBuildFile; fileRef = 6A622EFE2BED733C00E1A817 /* APICaller.swift */; };
		6A622F012BED76A500E1A817 /* Title.swift in Sources */ = {isa = PBXBuildFile; fileRef = 6A622F002BED76A500E1A817 /* Title.swift */; };
		6AE7E5A32BF0EBC9008FC10A /* SearchResultsViewController.swift in Sources */ = {isa = PBXBuildFile; fileRef = 6AE7E5A22BF0EBC9008FC10A /* SearchResultsViewController.swift */; };
/* End PBXBuildFile section */

/* Begin PBXContainerItemProxy section */
		6A1B81442BEA34B500644B94 /* PBXContainerItemProxy */ = {
			isa = PBXContainerItemProxy;
			containerPortal = 6A1B81252BEA34B400644B94 /* Project object */;
			proxyType = 1;
			remoteGlobalIDString = 6A1B812C2BEA34B400644B94;
			remoteInfo = Netflix;
		};
		6A1B814E2BEA34B500644B94 /* PBXContainerItemProxy */ = {
			isa = PBXContainerItemProxy;
			containerPortal = 6A1B81252BEA34B400644B94 /* Project object */;
			proxyType = 1;
			remoteGlobalIDString = 6A1B812C2BEA34B400644B94;
			remoteInfo = Netflix;
		};
/* End PBXContainerItemProxy section */

/* Begin PBXFileReference section */
		6A00CB792BEEAEBB0010541F /* Extensions.swift */ = {isa = PBXFileReference; lastKnownFileType = sourcecode.swift; path = Extensions.swift; sourceTree = "<group>"; };
		6A00CB7D2BEEB8BF0010541F /* TitleCollectionViewCell.swift */ = {isa = PBXFileReference; lastKnownFileType = sourcecode.swift; path = TitleCollectionViewCell.swift; sourceTree = "<group>"; };
		6A14A39E2BF0D9B800E166E0 /* TitleTableViewCell.swift */ = {isa = PBXFileReference; lastKnownFileType = sourcecode.swift; path = TitleTableViewCell.swift; sourceTree = "<group>"; };
		6A14A3A02BF0E00600E166E0 /* TitleViewModel.swift */ = {isa = PBXFileReference; lastKnownFileType = sourcecode.swift; path = TitleViewModel.swift; sourceTree = "<group>"; };
		6A1B812D2BEA34B400644B94 /* Netflix.app */ = {isa = PBXFileReference; explicitFileType = wrapper.application; includeInIndex = 0; path = Netflix.app; sourceTree = BUILT_PRODUCTS_DIR; };
		6A1B81302BEA34B400644B94 /* AppDelegate.swift */ = {isa = PBXFileReference; lastKnownFileType = sourcecode.swift; path = AppDelegate.swift; sourceTree = "<group>"; };
		6A1B81322BEA34B400644B94 /* SceneDelegate.swift */ = {isa = PBXFileReference; lastKnownFileType = sourcecode.swift; path = SceneDelegate.swift; sourceTree = "<group>"; };
		6A1B81342BEA34B400644B94 /* HomeViewController.swift */ = {isa = PBXFileReference; lastKnownFileType = sourcecode.swift; path = HomeViewController.swift; sourceTree = "<group>"; };
		6A1B81392BEA34B500644B94 /* Assets.xcassets */ = {isa = PBXFileReference; lastKnownFileType = folder.assetcatalog; path = Assets.xcassets; sourceTree = "<group>"; };
		6A1B813C2BEA34B500644B94 /* Base */ = {isa = PBXFileReference; lastKnownFileType = file.storyboard; name = Base; path = Base.lproj/LaunchScreen.storyboard; sourceTree = "<group>"; };
		6A1B813E2BEA34B500644B94 /* Info.plist */ = {isa = PBXFileReference; lastKnownFileType = text.plist.xml; path = Info.plist; sourceTree = "<group>"; };
		6A1B81432BEA34B500644B94 /* NetflixTests.xctest */ = {isa = PBXFileReference; explicitFileType = wrapper.cfbundle; includeInIndex = 0; path = NetflixTests.xctest; sourceTree = BUILT_PRODUCTS_DIR; };
		6A1B81472BEA34B500644B94 /* NetflixTests.swift */ = {isa = PBXFileReference; lastKnownFileType = sourcecode.swift; path = NetflixTests.swift; sourceTree = "<group>"; };
		6A1B814D2BEA34B500644B94 /* NetflixUITests.xctest */ = {isa = PBXFileReference; explicitFileType = wrapper.cfbundle; includeInIndex = 0; path = NetflixUITests.xctest; sourceTree = BUILT_PRODUCTS_DIR; };
		6A1B81512BEA34B500644B94 /* NetflixUITests.swift */ = {isa = PBXFileReference; lastKnownFileType = sourcecode.swift; path = NetflixUITests.swift; sourceTree = "<group>"; };
		6A1B81532BEA34B500644B94 /* NetflixUITestsLaunchTests.swift */ = {isa = PBXFileReference; lastKnownFileType = sourcecode.swift; path = NetflixUITestsLaunchTests.swift; sourceTree = "<group>"; };
		6A1B81602BEA36A200644B94 /* MainTabBarViewController.swift */ = {isa = PBXFileReference; lastKnownFileType = sourcecode.swift; path = MainTabBarViewController.swift; sourceTree = "<group>"; };
		6A1B81632BEA371500644B94 /* UpcomingViewController.swift */ = {isa = PBXFileReference; lastKnownFileType = sourcecode.swift; path = UpcomingViewController.swift; sourceTree = "<group>"; };
		6A1B81652BEA373D00644B94 /* SearchViewController.swift */ = {isa = PBXFileReference; lastKnownFileType = sourcecode.swift; path = SearchViewController.swift; sourceTree = "<group>"; };
		6A1B81672BEA375F00644B94 /* DownloadsViewController.swift */ = {isa = PBXFileReference; lastKnownFileType = sourcecode.swift; path = DownloadsViewController.swift; sourceTree = "<group>"; };
		6A47A32F2BF161B500203F08 /* YoutubeSearchResponse.swift */ = {isa = PBXFileReference; lastKnownFileType = sourcecode.swift; path = YoutubeSearchResponse.swift; sourceTree = "<group>"; };
		6A622EFA2BECEE3200E1A817 /* CollectionViewTableViewCell.swift */ = {isa = PBXFileReference; lastKnownFileType = sourcecode.swift; path = CollectionViewTableViewCell.swift; sourceTree = "<group>"; };
		6A622EFC2BECF67100E1A817 /* HeroHeaderUIView.swift */ = {isa = PBXFileReference; lastKnownFileType = sourcecode.swift; path = HeroHeaderUIView.swift; sourceTree = "<group>"; };
		6A622EFE2BED733C00E1A817 /* APICaller.swift */ = {isa = PBXFileReference; lastKnownFileType = sourcecode.swift; path = APICaller.swift; sourceTree = "<group>"; };
		6A622F002BED76A500E1A817 /* Title.swift */ = {isa = PBXFileReference; lastKnownFileType = sourcecode.swift; path = Title.swift; sourceTree = "<group>"; };
		6AE7E5A22BF0EBC9008FC10A /* SearchResultsViewController.swift */ = {isa = PBXFileReference; lastKnownFileType = sourcecode.swift; path = SearchResultsViewController.swift; sourceTree = "<group>"; };
/* End PBXFileReference section */

/* Begin PBXFrameworksBuildPhase section */
		6A1B812A2BEA34B400644B94 /* Frameworks */ = {
			isa = PBXFrameworksBuildPhase;
			buildActionMask = 2147483647;
			files = (
				6A00CB832BEEBB0C0010541F /* SDWebImageMapKit in Frameworks */,
				6A00CB812BEEBB0C0010541F /* SDWebImage in Frameworks */,
			);
			runOnlyForDeploymentPostprocessing = 0;
		};
		6A1B81402BEA34B500644B94 /* Frameworks */ = {
			isa = PBXFrameworksBuildPhase;
			buildActionMask = 2147483647;
			files = (
			);
			runOnlyForDeploymentPostprocessing = 0;
		};
		6A1B814A2BEA34B500644B94 /* Frameworks */ = {
			isa = PBXFrameworksBuildPhase;
			buildActionMask = 2147483647;
			files = (
			);
			runOnlyForDeploymentPostprocessing = 0;
		};
/* End PBXFrameworksBuildPhase section */

/* Begin PBXGroup section */
		6A1B81242BEA34B400644B94 = {
			isa = PBXGroup;
			children = (
				6A1B812F2BEA34B400644B94 /* Netflix */,
				6A1B81462BEA34B500644B94 /* NetflixTests */,
				6A1B81502BEA34B500644B94 /* NetflixUITests */,
				6A1B812E2BEA34B400644B94 /* Products */,
			);
			sourceTree = "<group>";
		};
		6A1B812E2BEA34B400644B94 /* Products */ = {
			isa = PBXGroup;
			children = (
				6A1B812D2BEA34B400644B94 /* Netflix.app */,
				6A1B81432BEA34B500644B94 /* NetflixTests.xctest */,
				6A1B814D2BEA34B500644B94 /* NetflixUITests.xctest */,
			);
			name = Products;
			sourceTree = "<group>";
		};
		6A1B812F2BEA34B400644B94 /* Netflix */ = {
			isa = PBXGroup;
			children = (
				6A622EF92BECEDFF00E1A817 /* Managers */,
				6A622EF82BECEDF700E1A817 /* Resources */,
				6A622EF72BECEDD900E1A817 /* Models */,
				6A622EF52BECEDC600E1A817 /* Views */,
				6A622EF62BECEDCF00E1A817 /* ViewModels */,
				6A1B81622BEA36DC00644B94 /* Controlllers */,
				6A1B81302BEA34B400644B94 /* AppDelegate.swift */,
				6A1B81322BEA34B400644B94 /* SceneDelegate.swift */,
				6A1B81392BEA34B500644B94 /* Assets.xcassets */,
				6A1B813B2BEA34B500644B94 /* LaunchScreen.storyboard */,
				6A1B813E2BEA34B500644B94 /* Info.plist */,
				6A1B81602BEA36A200644B94 /* MainTabBarViewController.swift */,
			);
			path = Netflix;
			sourceTree = "<group>";
		};
		6A1B81462BEA34B500644B94 /* NetflixTests */ = {
			isa = PBXGroup;
			children = (
				6A1B81472BEA34B500644B94 /* NetflixTests.swift */,
			);
			path = NetflixTests;
			sourceTree = "<group>";
		};
		6A1B81502BEA34B500644B94 /* NetflixUITests */ = {
			isa = PBXGroup;
			children = (
				6A1B81512BEA34B500644B94 /* NetflixUITests.swift */,
				6A1B81532BEA34B500644B94 /* NetflixUITestsLaunchTests.swift */,
			);
			path = NetflixUITests;
			sourceTree = "<group>";
		};
		6A1B81622BEA36DC00644B94 /* Controlllers */ = {
			isa = PBXGroup;
			children = (
				6AE7E5A52BF0EDDB008FC10A /* General */,
				6AE7E5A42BF0EDCA008FC10A /* Core */,
			);
			path = Controlllers;
			sourceTree = "<group>";
		};
		6A622EF52BECEDC600E1A817 /* Views */ = {
			isa = PBXGroup;
			children = (
				6A622EFA2BECEE3200E1A817 /* CollectionViewTableViewCell.swift */,
				6A622EFC2BECF67100E1A817 /* HeroHeaderUIView.swift */,
				6A00CB7D2BEEB8BF0010541F /* TitleCollectionViewCell.swift */,
				6A14A39E2BF0D9B800E166E0 /* TitleTableViewCell.swift */,
			);
			path = Views;
			sourceTree = "<group>";
		};
		6A622EF62BECEDCF00E1A817 /* ViewModels */ = {
			isa = PBXGroup;
			children = (
				6A14A3A02BF0E00600E166E0 /* TitleViewModel.swift */,
			);
			path = ViewModels;
			sourceTree = "<group>";
		};
		6A622EF72BECEDD900E1A817 /* Models */ = {
			isa = PBXGroup;
			children = (
				6A622F002BED76A500E1A817 /* Title.swift */,
				6A47A32F2BF161B500203F08 /* YoutubeSearchResponse.swift */,
			);
			path = Models;
			sourceTree = "<group>";
		};
		6A622EF82BECEDF700E1A817 /* Resources */ = {
			isa = PBXGroup;
			children = (
				6A00CB792BEEAEBB0010541F /* Extensions.swift */,
			);
			path = Resources;
			sourceTree = "<group>";
		};
		6A622EF92BECEDFF00E1A817 /* Managers */ = {
			isa = PBXGroup;
			children = (
				6A622EFE2BED733C00E1A817 /* APICaller.swift */,
			);
			path = Managers;
			sourceTree = "<group>";
		};
		6AE7E5A42BF0EDCA008FC10A /* Core */ = {
			isa = PBXGroup;
			children = (
				6A1B81342BEA34B400644B94 /* HomeViewController.swift */,
				6A1B81632BEA371500644B94 /* UpcomingViewController.swift */,
				6A1B81652BEA373D00644B94 /* SearchViewController.swift */,
				6A1B81672BEA375F00644B94 /* DownloadsViewController.swift */,
			);
			path = Core;
			sourceTree = "<group>";
		};
		6AE7E5A52BF0EDDB008FC10A /* General */ = {
			isa = PBXGroup;
			children = (
				6AE7E5A22BF0EBC9008FC10A /* SearchResultsViewController.swift */,
			);
			path = General;
			sourceTree = "<group>";
		};
/* End PBXGroup section */

/* Begin PBXNativeTarget section */
		6A1B812C2BEA34B400644B94 /* Netflix */ = {
			isa = PBXNativeTarget;
			buildConfigurationList = 6A1B81572BEA34B500644B94 /* Build configuration list for PBXNativeTarget "Netflix" */;
			buildPhases = (
				6A1B81292BEA34B400644B94 /* Sources */,
				6A1B812A2BEA34B400644B94 /* Frameworks */,
				6A1B812B2BEA34B400644B94 /* Resources */,
			);
			buildRules = (
			);
			dependencies = (
			);
			name = Netflix;
			packageProductDependencies = (
				6A00CB802BEEBB0C0010541F /* SDWebImage */,
				6A00CB822BEEBB0C0010541F /* SDWebImageMapKit */,
			);
			productName = Netflix;
			productReference = 6A1B812D2BEA34B400644B94 /* Netflix.app */;
			productType = "com.apple.product-type.application";
		};
		6A1B81422BEA34B500644B94 /* NetflixTests */ = {
			isa = PBXNativeTarget;
			buildConfigurationList = 6A1B815A2BEA34B500644B94 /* Build configuration list for PBXNativeTarget "NetflixTests" */;
			buildPhases = (
				6A1B813F2BEA34B500644B94 /* Sources */,
				6A1B81402BEA34B500644B94 /* Frameworks */,
				6A1B81412BEA34B500644B94 /* Resources */,
			);
			buildRules = (
			);
			dependencies = (
				6A1B81452BEA34B500644B94 /* PBXTargetDependency */,
			);
			name = NetflixTests;
			productName = NetflixTests;
			productReference = 6A1B81432BEA34B500644B94 /* NetflixTests.xctest */;
			productType = "com.apple.product-type.bundle.unit-test";
		};
		6A1B814C2BEA34B500644B94 /* NetflixUITests */ = {
			isa = PBXNativeTarget;
			buildConfigurationList = 6A1B815D2BEA34B500644B94 /* Build configuration list for PBXNativeTarget "NetflixUITests" */;
			buildPhases = (
				6A1B81492BEA34B500644B94 /* Sources */,
				6A1B814A2BEA34B500644B94 /* Frameworks */,
				6A1B814B2BEA34B500644B94 /* Resources */,
			);
			buildRules = (
			);
			dependencies = (
				6A1B814F2BEA34B500644B94 /* PBXTargetDependency */,
			);
			name = NetflixUITests;
			productName = NetflixUITests;
			productReference = 6A1B814D2BEA34B500644B94 /* NetflixUITests.xctest */;
			productType = "com.apple.product-type.bundle.ui-testing";
		};
/* End PBXNativeTarget section */

/* Begin PBXProject section */
		6A1B81252BEA34B400644B94 /* Project object */ = {
			isa = PBXProject;
			attributes = {
				BuildIndependentTargetsInParallel = 1;
				LastSwiftUpdateCheck = 1530;
				LastUpgradeCheck = 1530;
				TargetAttributes = {
					6A1B812C2BEA34B400644B94 = {
						CreatedOnToolsVersion = 15.3;
					};
					6A1B81422BEA34B500644B94 = {
						CreatedOnToolsVersion = 15.3;
						TestTargetID = 6A1B812C2BEA34B400644B94;
					};
					6A1B814C2BEA34B500644B94 = {
						CreatedOnToolsVersion = 15.3;
						TestTargetID = 6A1B812C2BEA34B400644B94;
					};
				};
			};
			buildConfigurationList = 6A1B81282BEA34B400644B94 /* Build configuration list for PBXProject "Netflix" */;
			compatibilityVersion = "Xcode 14.0";
			developmentRegion = en;
			hasScannedForEncodings = 0;
			knownRegions = (
				en,
				Base,
			);
			mainGroup = 6A1B81242BEA34B400644B94;
			packageReferences = (
				6A00CB7F2BEEBB0C0010541F /* XCRemoteSwiftPackageReference "SDWebImage" */,
			);
			productRefGroup = 6A1B812E2BEA34B400644B94 /* Products */;
			projectDirPath = "";
			projectRoot = "";
			targets = (
				6A1B812C2BEA34B400644B94 /* Netflix */,
				6A1B81422BEA34B500644B94 /* NetflixTests */,
				6A1B814C2BEA34B500644B94 /* NetflixUITests */,
			);
		};
/* End PBXProject section */

/* Begin PBXResourcesBuildPhase section */
		6A1B812B2BEA34B400644B94 /* Resources */ = {
			isa = PBXResourcesBuildPhase;
			buildActionMask = 2147483647;
			files = (
				6A1B813A2BEA34B500644B94 /* Assets.xcassets in Resources */,
				6A1B813D2BEA34B500644B94 /* Base in Resources */,
			);
			runOnlyForDeploymentPostprocessing = 0;
		};
		6A1B81412BEA34B500644B94 /* Resources */ = {
			isa = PBXResourcesBuildPhase;
			buildActionMask = 2147483647;
			files = (
			);
			runOnlyForDeploymentPostprocessing = 0;
		};
		6A1B814B2BEA34B500644B94 /* Resources */ = {
			isa = PBXResourcesBuildPhase;
			buildActionMask = 2147483647;
			files = (
			);
			runOnlyForDeploymentPostprocessing = 0;
		};
/* End PBXResourcesBuildPhase section */

/* Begin PBXSourcesBuildPhase section */
		6A1B81292BEA34B400644B94 /* Sources */ = {
			isa = PBXSourcesBuildPhase;
			buildActionMask = 2147483647;
			files = (
				6A14A39F2BF0D9B800E166E0 /* TitleTableViewCell.swift in Sources */,
				6A1B81662BEA373D00644B94 /* SearchViewController.swift in Sources */,
				6A00CB7E2BEEB8BF0010541F /* TitleCollectionViewCell.swift in Sources */,
				6A1B81352BEA34B400644B94 /* HomeViewController.swift in Sources */,
				6A622EFB2BECEE3200E1A817 /* CollectionViewTableViewCell.swift in Sources */,
				6A622EFF2BED733C00E1A817 /* APICaller.swift in Sources */,
				6A622EFD2BECF67100E1A817 /* HeroHeaderUIView.swift in Sources */,
				6A1B81682BEA375F00644B94 /* DownloadsViewController.swift in Sources */,
				6A1B81612BEA36A200644B94 /* MainTabBarViewController.swift in Sources */,
				6AE7E5A32BF0EBC9008FC10A /* SearchResultsViewController.swift in Sources */,
				6A00CB7A2BEEAEBB0010541F /* Extensions.swift in Sources */,
				6A47A3302BF161B500203F08 /* YoutubeSearchResponse.swift in Sources */,
				6A1B81312BEA34B400644B94 /* AppDelegate.swift in Sources */,
				6A1B81642BEA371500644B94 /* UpcomingViewController.swift in Sources */,
				6A622F012BED76A500E1A817 /* Title.swift in Sources */,
				6A1B81332BEA34B400644B94 /* SceneDelegate.swift in Sources */,
				6A14A3A12BF0E00600E166E0 /* TitleViewModel.swift in Sources */,
			);
			runOnlyForDeploymentPostprocessing = 0;
		};
		6A1B813F2BEA34B500644B94 /* Sources */ = {
			isa = PBXSourcesBuildPhase;
			buildActionMask = 2147483647;
			files = (
				6A1B81482BEA34B500644B94 /* NetflixTests.swift in Sources */,
			);
			runOnlyForDeploymentPostprocessing = 0;
		};
		6A1B81492BEA34B500644B94 /* Sources */ = {
			isa = PBXSourcesBuildPhase;
			buildActionMask = 2147483647;
			files = (
				6A1B81522BEA34B500644B94 /* NetflixUITests.swift in Sources */,
				6A1B81542BEA34B500644B94 /* NetflixUITestsLaunchTests.swift in Sources */,
			);
			runOnlyForDeploymentPostprocessing = 0;
		};
/* End PBXSourcesBuildPhase section */

/* Begin PBXTargetDependency section */
		6A1B81452BEA34B500644B94 /* PBXTargetDependency */ = {
			isa = PBXTargetDependency;
			target = 6A1B812C2BEA34B400644B94 /* Netflix */;
			targetProxy = 6A1B81442BEA34B500644B94 /* PBXContainerItemProxy */;
		};
		6A1B814F2BEA34B500644B94 /* PBXTargetDependency */ = {
			isa = PBXTargetDependency;
			target = 6A1B812C2BEA34B400644B94 /* Netflix */;
			targetProxy = 6A1B814E2BEA34B500644B94 /* PBXContainerItemProxy */;
		};
/* End PBXTargetDependency section */

/* Begin PBXVariantGroup section */
		6A1B813B2BEA34B500644B94 /* LaunchScreen.storyboard */ = {
			isa = PBXVariantGroup;
			children = (
				6A1B813C2BEA34B500644B94 /* Base */,
			);
			name = LaunchScreen.storyboard;
			sourceTree = "<group>";
		};
/* End PBXVariantGroup section */

/* Begin XCBuildConfiguration section */
		6A1B81552BEA34B500644B94 /* Debug */ = {
			isa = XCBuildConfiguration;
			buildSettings = {
				ALWAYS_SEARCH_USER_PATHS = NO;
				ASSETCATALOG_COMPILER_GENERATE_SWIFT_ASSET_SYMBOL_EXTENSIONS = YES;
				CLANG_ANALYZER_NONNULL = YES;
				CLANG_ANALYZER_NUMBER_OBJECT_CONVERSION = YES_AGGRESSIVE;
				CLANG_CXX_LANGUAGE_STANDARD = "gnu++20";
				CLANG_ENABLE_MODULES = YES;
				CLANG_ENABLE_OBJC_ARC = YES;
				CLANG_ENABLE_OBJC_WEAK = YES;
				CLANG_WARN_BLOCK_CAPTURE_AUTORELEASING = YES;
				CLANG_WARN_BOOL_CONVERSION = YES;
				CLANG_WARN_COMMA = YES;
				CLANG_WARN_CONSTANT_CONVERSION = YES;
				CLANG_WARN_DEPRECATED_OBJC_IMPLEMENTATIONS = YES;
				CLANG_WARN_DIRECT_OBJC_ISA_USAGE = YES_ERROR;
				CLANG_WARN_DOCUMENTATION_COMMENTS = YES;
				CLANG_WARN_EMPTY_BODY = YES;
				CLANG_WARN_ENUM_CONVERSION = YES;
				CLANG_WARN_INFINITE_RECURSION = YES;
				CLANG_WARN_INT_CONVERSION = YES;
				CLANG_WARN_NON_LITERAL_NULL_CONVERSION = YES;
				CLANG_WARN_OBJC_IMPLICIT_RETAIN_SELF = YES;
				CLANG_WARN_OBJC_LITERAL_CONVERSION = YES;
				CLANG_WARN_OBJC_ROOT_CLASS = YES_ERROR;
				CLANG_WARN_QUOTED_INCLUDE_IN_FRAMEWORK_HEADER = YES;
				CLANG_WARN_RANGE_LOOP_ANALYSIS = YES;
				CLANG_WARN_STRICT_PROTOTYPES = YES;
				CLANG_WARN_SUSPICIOUS_MOVE = YES;
				CLANG_WARN_UNGUARDED_AVAILABILITY = YES_AGGRESSIVE;
				CLANG_WARN_UNREACHABLE_CODE = YES;
				CLANG_WARN__DUPLICATE_METHOD_MATCH = YES;
				COPY_PHASE_STRIP = NO;
				DEBUG_INFORMATION_FORMAT = dwarf;
				ENABLE_STRICT_OBJC_MSGSEND = YES;
				ENABLE_TESTABILITY = YES;
				ENABLE_USER_SCRIPT_SANDBOXING = YES;
				GCC_C_LANGUAGE_STANDARD = gnu17;
				GCC_DYNAMIC_NO_PIC = NO;
				GCC_NO_COMMON_BLOCKS = YES;
				GCC_OPTIMIZATION_LEVEL = 0;
				GCC_PREPROCESSOR_DEFINITIONS = (
					"DEBUG=1",
					"$(inherited)",
				);
				GCC_WARN_64_TO_32_BIT_CONVERSION = YES;
				GCC_WARN_ABOUT_RETURN_TYPE = YES_ERROR;
				GCC_WARN_UNDECLARED_SELECTOR = YES;
				GCC_WARN_UNINITIALIZED_AUTOS = YES_AGGRESSIVE;
				GCC_WARN_UNUSED_FUNCTION = YES;
				GCC_WARN_UNUSED_VARIABLE = YES;
				IPHONEOS_DEPLOYMENT_TARGET = 17.4;
				LOCALIZATION_PREFERS_STRING_CATALOGS = YES;
				MTL_ENABLE_DEBUG_INFO = INCLUDE_SOURCE;
				MTL_FAST_MATH = YES;
				ONLY_ACTIVE_ARCH = YES;
				SDKROOT = iphoneos;
				SWIFT_ACTIVE_COMPILATION_CONDITIONS = "DEBUG $(inherited)";
				SWIFT_OPTIMIZATION_LEVEL = "-Onone";
			};
			name = Debug;
		};
		6A1B81562BEA34B500644B94 /* Release */ = {
			isa = XCBuildConfiguration;
			buildSettings = {
				ALWAYS_SEARCH_USER_PATHS = NO;
				ASSETCATALOG_COMPILER_GENERATE_SWIFT_ASSET_SYMBOL_EXTENSIONS = YES;
				CLANG_ANALYZER_NONNULL = YES;
				CLANG_ANALYZER_NUMBER_OBJECT_CONVERSION = YES_AGGRESSIVE;
				CLANG_CXX_LANGUAGE_STANDARD = "gnu++20";
				CLANG_ENABLE_MODULES = YES;
				CLANG_ENABLE_OBJC_ARC = YES;
				CLANG_ENABLE_OBJC_WEAK = YES;
				CLANG_WARN_BLOCK_CAPTURE_AUTORELEASING = YES;
				CLANG_WARN_BOOL_CONVERSION = YES;
				CLANG_WARN_COMMA = YES;
				CLANG_WARN_CONSTANT_CONVERSION = YES;
				CLANG_WARN_DEPRECATED_OBJC_IMPLEMENTATIONS = YES;
				CLANG_WARN_DIRECT_OBJC_ISA_USAGE = YES_ERROR;
				CLANG_WARN_DOCUMENTATION_COMMENTS = YES;
				CLANG_WARN_EMPTY_BODY = YES;
				CLANG_WARN_ENUM_CONVERSION = YES;
				CLANG_WARN_INFINITE_RECURSION = YES;
				CLANG_WARN_INT_CONVERSION = YES;
				CLANG_WARN_NON_LITERAL_NULL_CONVERSION = YES;
				CLANG_WARN_OBJC_IMPLICIT_RETAIN_SELF = YES;
				CLANG_WARN_OBJC_LITERAL_CONVERSION = YES;
				CLANG_WARN_OBJC_ROOT_CLASS = YES_ERROR;
				CLANG_WARN_QUOTED_INCLUDE_IN_FRAMEWORK_HEADER = YES;
				CLANG_WARN_RANGE_LOOP_ANALYSIS = YES;
				CLANG_WARN_STRICT_PROTOTYPES = YES;
				CLANG_WARN_SUSPICIOUS_MOVE = YES;
				CLANG_WARN_UNGUARDED_AVAILABILITY = YES_AGGRESSIVE;
				CLANG_WARN_UNREACHABLE_CODE = YES;
				CLANG_WARN__DUPLICATE_METHOD_MATCH = YES;
				COPY_PHASE_STRIP = NO;
				DEBUG_INFORMATION_FORMAT = "dwarf-with-dsym";
				ENABLE_NS_ASSERTIONS = NO;
				ENABLE_STRICT_OBJC_MSGSEND = YES;
				ENABLE_USER_SCRIPT_SANDBOXING = YES;
				GCC_C_LANGUAGE_STANDARD = gnu17;
				GCC_NO_COMMON_BLOCKS = YES;
				GCC_WARN_64_TO_32_BIT_CONVERSION = YES;
				GCC_WARN_ABOUT_RETURN_TYPE = YES_ERROR;
				GCC_WARN_UNDECLARED_SELECTOR = YES;
				GCC_WARN_UNINITIALIZED_AUTOS = YES_AGGRESSIVE;
				GCC_WARN_UNUSED_FUNCTION = YES;
				GCC_WARN_UNUSED_VARIABLE = YES;
				IPHONEOS_DEPLOYMENT_TARGET = 17.4;
				LOCALIZATION_PREFERS_STRING_CATALOGS = YES;
				MTL_ENABLE_DEBUG_INFO = NO;
				MTL_FAST_MATH = YES;
				SDKROOT = iphoneos;
				SWIFT_COMPILATION_MODE = wholemodule;
				VALIDATE_PRODUCT = YES;
			};
			name = Release;
		};
		6A1B81582BEA34B500644B94 /* Debug */ = {
			isa = XCBuildConfiguration;
			buildSettings = {
				ASSETCATALOG_COMPILER_APPICON_NAME = AppIcon;
				ASSETCATALOG_COMPILER_GLOBAL_ACCENT_COLOR_NAME = AccentColor;
				CODE_SIGN_STYLE = Automatic;
				CURRENT_PROJECT_VERSION = 1;
				DEVELOPMENT_TEAM = 244RFX44WS;
				GENERATE_INFOPLIST_FILE = YES;
				INFOPLIST_FILE = Netflix/Info.plist;
				INFOPLIST_KEY_UIApplicationSupportsIndirectInputEvents = YES;
				INFOPLIST_KEY_UILaunchStoryboardName = LaunchScreen;
				INFOPLIST_KEY_UISupportedInterfaceOrientations_iPad = "UIInterfaceOrientationPortrait UIInterfaceOrientationPortraitUpsideDown UIInterfaceOrientationLandscapeLeft UIInterfaceOrientationLandscapeRight";
				INFOPLIST_KEY_UISupportedInterfaceOrientations_iPhone = "UIInterfaceOrientationPortrait UIInterfaceOrientationLandscapeLeft UIInterfaceOrientationLandscapeRight";
				LD_RUNPATH_SEARCH_PATHS = (
					"$(inherited)",
					"@executable_path/Frameworks",
				);
				MARKETING_VERSION = 1.0;
				PRODUCT_BUNDLE_IDENTIFIER = Saadet.Netflix;
				PRODUCT_NAME = "$(TARGET_NAME)";
				SWIFT_EMIT_LOC_STRINGS = YES;
				SWIFT_VERSION = 5.0;
				TARGETED_DEVICE_FAMILY = "1,2";
			};
			name = Debug;
		};
		6A1B81592BEA34B500644B94 /* Release */ = {
			isa = XCBuildConfiguration;
			buildSettings = {
				ASSETCATALOG_COMPILER_APPICON_NAME = AppIcon;
				ASSETCATALOG_COMPILER_GLOBAL_ACCENT_COLOR_NAME = AccentColor;
				CODE_SIGN_STYLE = Automatic;
				CURRENT_PROJECT_VERSION = 1;
				DEVELOPMENT_TEAM = 244RFX44WS;
				GENERATE_INFOPLIST_FILE = YES;
				INFOPLIST_FILE = Netflix/Info.plist;
				INFOPLIST_KEY_UIApplicationSupportsIndirectInputEvents = YES;
				INFOPLIST_KEY_UILaunchStoryboardName = LaunchScreen;
				INFOPLIST_KEY_UISupportedInterfaceOrientations_iPad = "UIInterfaceOrientationPortrait UIInterfaceOrientationPortraitUpsideDown UIInterfaceOrientationLandscapeLeft UIInterfaceOrientationLandscapeRight";
				INFOPLIST_KEY_UISupportedInterfaceOrientations_iPhone = "UIInterfaceOrientationPortrait UIInterfaceOrientationLandscapeLeft UIInterfaceOrientationLandscapeRight";
				LD_RUNPATH_SEARCH_PATHS = (
					"$(inherited)",
					"@executable_path/Frameworks",
				);
				MARKETING_VERSION = 1.0;
				PRODUCT_BUNDLE_IDENTIFIER = Saadet.Netflix;
				PRODUCT_NAME = "$(TARGET_NAME)";
				SWIFT_EMIT_LOC_STRINGS = YES;
				SWIFT_VERSION = 5.0;
				TARGETED_DEVICE_FAMILY = "1,2";
			};
			name = Release;
		};
		6A1B815B2BEA34B500644B94 /* Debug */ = {
			isa = XCBuildConfiguration;
			buildSettings = {
				ALWAYS_EMBED_SWIFT_STANDARD_LIBRARIES = YES;
				BUNDLE_LOADER = "$(TEST_HOST)";
				CODE_SIGN_STYLE = Automatic;
				CURRENT_PROJECT_VERSION = 1;
				DEVELOPMENT_TEAM = 244RFX44WS;
				GENERATE_INFOPLIST_FILE = YES;
				IPHONEOS_DEPLOYMENT_TARGET = 17.4;
				MARKETING_VERSION = 1.0;
				PRODUCT_BUNDLE_IDENTIFIER = Saadet.NetflixTests;
				PRODUCT_NAME = "$(TARGET_NAME)";
				SWIFT_EMIT_LOC_STRINGS = NO;
				SWIFT_VERSION = 5.0;
				TARGETED_DEVICE_FAMILY = "1,2";
				TEST_HOST = "$(BUILT_PRODUCTS_DIR)/Netflix.app/$(BUNDLE_EXECUTABLE_FOLDER_PATH)/Netflix";
			};
			name = Debug;
		};
		6A1B815C2BEA34B500644B94 /* Release */ = {
			isa = XCBuildConfiguration;
			buildSettings = {
				ALWAYS_EMBED_SWIFT_STANDARD_LIBRARIES = YES;
				BUNDLE_LOADER = "$(TEST_HOST)";
				CODE_SIGN_STYLE = Automatic;
				CURRENT_PROJECT_VERSION = 1;
				DEVELOPMENT_TEAM = 244RFX44WS;
				GENERATE_INFOPLIST_FILE = YES;
				IPHONEOS_DEPLOYMENT_TARGET = 17.4;
				MARKETING_VERSION = 1.0;
				PRODUCT_BUNDLE_IDENTIFIER = Saadet.NetflixTests;
				PRODUCT_NAME = "$(TARGET_NAME)";
				SWIFT_EMIT_LOC_STRINGS = NO;
				SWIFT_VERSION = 5.0;
				TARGETED_DEVICE_FAMILY = "1,2";
				TEST_HOST = "$(BUILT_PRODUCTS_DIR)/Netflix.app/$(BUNDLE_EXECUTABLE_FOLDER_PATH)/Netflix";
			};
			name = Release;
		};
		6A1B815E2BEA34B500644B94 /* Debug */ = {
			isa = XCBuildConfiguration;
			buildSettings = {
				ALWAYS_EMBED_SWIFT_STANDARD_LIBRARIES = YES;
				CODE_SIGN_STYLE = Automatic;
				CURRENT_PROJECT_VERSION = 1;
				DEVELOPMENT_TEAM = 244RFX44WS;
				GENERATE_INFOPLIST_FILE = YES;
				MARKETING_VERSION = 1.0;
				PRODUCT_BUNDLE_IDENTIFIER = Saadet.NetflixUITests;
				PRODUCT_NAME = "$(TARGET_NAME)";
				SWIFT_EMIT_LOC_STRINGS = NO;
				SWIFT_VERSION = 5.0;
				TARGETED_DEVICE_FAMILY = "1,2";
				TEST_TARGET_NAME = Netflix;
			};
			name = Debug;
		};
		6A1B815F2BEA34B500644B94 /* Release */ = {
			isa = XCBuildConfiguration;
			buildSettings = {
				ALWAYS_EMBED_SWIFT_STANDARD_LIBRARIES = YES;
				CODE_SIGN_STYLE = Automatic;
				CURRENT_PROJECT_VERSION = 1;
				DEVELOPMENT_TEAM = 244RFX44WS;
				GENERATE_INFOPLIST_FILE = YES;
				MARKETING_VERSION = 1.0;
				PRODUCT_BUNDLE_IDENTIFIER = Saadet.NetflixUITests;
				PRODUCT_NAME = "$(TARGET_NAME)";
				SWIFT_EMIT_LOC_STRINGS = NO;
				SWIFT_VERSION = 5.0;
				TARGETED_DEVICE_FAMILY = "1,2";
				TEST_TARGET_NAME = Netflix;
			};
			name = Release;
		};
/* End XCBuildConfiguration section */

/* Begin XCConfigurationList section */
		6A1B81282BEA34B400644B94 /* Build configuration list for PBXProject "Netflix" */ = {
			isa = XCConfigurationList;
			buildConfigurations = (
				6A1B81552BEA34B500644B94 /* Debug */,
				6A1B81562BEA34B500644B94 /* Release */,
			);
			defaultConfigurationIsVisible = 0;
			defaultConfigurationName = Release;
		};
		6A1B81572BEA34B500644B94 /* Build configuration list for PBXNativeTarget "Netflix" */ = {
			isa = XCConfigurationList;
			buildConfigurations = (
				6A1B81582BEA34B500644B94 /* Debug */,
				6A1B81592BEA34B500644B94 /* Release */,
			);
			defaultConfigurationIsVisible = 0;
			defaultConfigurationName = Release;
		};
		6A1B815A2BEA34B500644B94 /* Build configuration list for PBXNativeTarget "NetflixTests" */ = {
			isa = XCConfigurationList;
			buildConfigurations = (
				6A1B815B2BEA34B500644B94 /* Debug */,
				6A1B815C2BEA34B500644B94 /* Release */,
			);
			defaultConfigurationIsVisible = 0;
			defaultConfigurationName = Release;
		};
		6A1B815D2BEA34B500644B94 /* Build configuration list for PBXNativeTarget "NetflixUITests" */ = {
			isa = XCConfigurationList;
			buildConfigurations = (
				6A1B815E2BEA34B500644B94 /* Debug */,
				6A1B815F2BEA34B500644B94 /* Release */,
			);
			defaultConfigurationIsVisible = 0;
			defaultConfigurationName = Release;
		};
/* End XCConfigurationList section */

/* Begin XCRemoteSwiftPackageReference section */
		6A00CB7F2BEEBB0C0010541F /* XCRemoteSwiftPackageReference "SDWebImage" */ = {
			isa = XCRemoteSwiftPackageReference;
			repositoryURL = "https://github.com/SDWebImage/SDWebImage.git";
			requirement = {
				branch = master;
				kind = branch;
			};
		};
/* End XCRemoteSwiftPackageReference section */

/* Begin XCSwiftPackageProductDependency section */
		6A00CB802BEEBB0C0010541F /* SDWebImage */ = {
			isa = XCSwiftPackageProductDependency;
			package = 6A00CB7F2BEEBB0C0010541F /* XCRemoteSwiftPackageReference "SDWebImage" */;
			productName = SDWebImage;
		};
		6A00CB822BEEBB0C0010541F /* SDWebImageMapKit */ = {
			isa = XCSwiftPackageProductDependency;
			package = 6A00CB7F2BEEBB0C0010541F /* XCRemoteSwiftPackageReference "SDWebImage" */;
			productName = SDWebImageMapKit;
		};
/* End XCSwiftPackageProductDependency section */
	};
	rootObject = 6A1B81252BEA34B400644B94 /* Project object */;
}
