{
  "originHash" : "990602f943d142d26b1a5421abe2a243e2e1077d090e31e151c33e3ec768723e",
  "pins" : [
    {
      "identity" : "sdwebimage",
      "kind" : "remoteSourceControl",
      "location" : "https://github.com/SDWebImage/SDWebImage.git",
      "state" : {
        "branch" : "master",
        "revision" : "b5cbc33fb2307d9a407a9c45c333b409c69651ef"
      }
    }
  ],
  "version" : 3
}
